{
  "lockfileVersion": 1,
  "configVersion": 0,
  "workspaces": {
    "": {
      "name": "chess-console-stockfish",
      "dependencies": {
        "@fortawesome/fontawesome-free": "^7.2.0",
        "bootstrap": "^5.3.8",
        "chess-console": "^6.13.3",
        "cm-chessboard": "^8.12.11",
        "cm-engine-runner": "^2.0.1",
        "cm-web-modules": "^2.7.0",
      },
    },
  },
  "packages": {
    "@fortawesome/fontawesome-free": ["@fortawesome/fontawesome-free@7.2.0", "", {}, "sha512-3DguDv/oUE+7vjMeTSOjCSG+KeawgVQOHrKRnvUuqYh1mfArrh7s+s8hXW3e4RerBA1+Wh+hBqf8sJNpqNrBWg=="],

    "@popperjs/core": ["@popperjs/core@2.11.8", "", {}, "sha512-P1st0aksCrn9sGZhp8GMYwBnQsbvAWsZAX44oXNNvLHGqAOcoVxmjZiohstwQ7SqKnbR47akdNi+uleWD8+g6A=="],

    "bootstrap": ["bootstrap@5.3.8", "", { "peerDependencies": { "@popperjs/core": "^2.11.8" } }, "sha512-HP1SZDqaLDPwsNiqRqi5NcP0SSXciX2s9E+RyqJIIqGo+vJeN5AJVM98CXmW/Wux0nQ5L7jeWUdplCEf0Ee+tg=="],

    "bootstrap-show-modal": ["bootstrap-show-modal@6.0.10", "", {}, "sha512-pBJcNPE2s0KtcHe+BBlZ3vW4TxFcdw2BCvZhbCMaxEL+x53q43NdSSgZuesqRnY2uUQjRm9p7URacPwM8A+WqQ=="],

    "chess-console": ["chess-console@6.13.3", "", { "dependencies": { "bootstrap-show-modal": "^6.0.10", "chess.mjs": "^2.3.2", "cm-chess": "^3.6.3", "cm-chessboard": "^8.11.5", "cm-pgn": "^4.0.6", "cm-web-modules": "^2.6.0", "patch": "^0.0.1" } }, "sha512-dqAteLF8LQUwRy1i0AOhIM1RWcuBZCF01B2rRmY8eUBSlkluax9yNX3szgHGrIcMEJYPrysHVdHQPu16MdTXqg=="],

    "chess.mjs": ["chess.mjs@2.3.2", "", {}, "sha512-ZNerNDt1CkKbwxscG38zBegIgcQ5MCyUdupRnUsKXz6f3lvhz+jo/7VumE8h+mobmJ0xJpnSURKspNso4J5pzQ=="],

    "cm-chess": ["cm-chess@3.6.3", "", { "dependencies": { "chess.mjs": "^2.3.2", "cm-pgn": "4.0.6" } }, "sha512-78ffmdsUbb+pOTf6lgTKuLvaPxrQh47xdhuGo4O00GpdgkWOiIjgpvG8vmWCDwu2MJkHHcte0oNxqbd8F9FfhA=="],

    "cm-chessboard": ["cm-chessboard@8.12.11", "", {}, "sha512-emtTghrWGvSuLsbn3su1aazwgHVy2AA29ZzQ+sRdxOnbQuhdAmY1S70QmahLW+zbUt+YSOqNtFGIBnOp//9ZWg=="],

    "cm-engine-runner": ["cm-engine-runner@2.0.1", "", { "dependencies": { "cm-polyglot": "^1.1.0", "stockfish": "^18.0.5" } }, "sha512-P39Vom3awcHIu1PN9TpJCh7TZomDlm0ejLfS57ubY2qsxoI0eG3cIpWKZsc9ik7D437Jv2wg0ZPPhEJr1F2mNA=="],

    "cm-pgn": ["cm-pgn@4.0.6", "", { "dependencies": { "chess.mjs": "^2.2.3" } }, "sha512-4nsWoI+vEGrLaGM2vSOng00qvIl3Oj4bx+5UfFdH8MT7DiaphVt+7vo8PuzUV+jJhmvYnV83/UNv4gyr03Rlfw=="],

    "cm-polyglot": ["cm-polyglot@1.1.0", "", {}, "sha512-yKclnR2WHNgtMViYnxUJzqfR9/iTLfG0PYNVmHNbGiZrYoc7tTrGQHutzgUISFpiQ8ArbqaZKcBzZ2S2CE4/Gg=="],

    "cm-web-modules": ["cm-web-modules@2.7.0", "", {}, "sha512-+E2z7cUKXd6aqPjOvNmsfAgWnJV9CQb6IHlgThvgh+RaECES8yBciLywTB21DNxEw8A3snWfI/7b5KMQrzFcyA=="],

    "patch": ["patch@0.0.1", "", {}, "sha512-+SXEoPuYhe44vUXCGAOjEISqgoo26pcSj65xK3zbKGt87CeUoIZ4cHwIkdloHHxGAEIOzMiYmRbj+t0T9pBPXw=="],

    "stockfish": ["stockfish@18.0.5", "", { "bin": { "stockfish": "scripts/cli.js" } }, "sha512-2A8mrlrYT8ovf4y8GIrmzOQZCC2kf01hPeM4xrVZdBeFC/LoZj+MgYLyrwdKXDQWubx1RCiKU9dFDGeDutuT3A=="],

    "chess-console/cm-chessboard": ["cm-chessboard@8.11.5", "", {}, "sha512-zLoOeJe82ZZTjRiQUxdilHs2XSyhfIS0Eecjnj+bfHrxycqkApszt8XW5ORhooT9/SL18IEsiy1+i25a4lE1BQ=="],

    "chess-console/cm-web-modules": ["cm-web-modules@2.6.0", "", {}, "sha512-JMHVLsC1CoOQBzzfo4eywudCxoTw9KGo7b8+Mj/ebpgEiiyydg0nbbEUZhImOEt48epmOebH5tWUQpmu9Me0kw=="],

    "cm-pgn/chess.mjs": ["chess.mjs@2.2.6", "", {}, "sha512-kteiZrVz42EsEJjb2G8NlCZg4fNPlSBAnIbywK065TVtnEvRqyHTN+OVR+vZ/A1iGNM/6kZpbiyUpisCwq8oUg=="],
  }
}
